
Microsoft Visual Studio Solution File, Format Version 12.00
# Visual Studio Version 17
VisualStudioVersion = 17.4.33213.308
MinimumVisualStudioVersion = 10.0.40219.1
Project("{9A19103F-16F7-4668-BE54-9A1E7A4F7556}") = "Koretech.Kraken.Data", "Koretech.Kraken.Data\Koretech.Kraken.Data.csproj", "{F472867C-B7F9-43DA-8061-39EB01979FEA}"
EndProject
Project("{9A19103F-16F7-4668-BE54-9A1E7A4F7556}") = "Koretech.Kraken.Data.Console", "Koretech.Kraken.Data.Console\Koretech.Kraken.Data.Console.csproj", "{353651BA-3E81-4B59-93AF-B7156B23233E}"
EndProject
Project("{9A19103F-16F7-4668-BE54-9A1E7A4F7556}") = "Koretech.Kraken.KamlBoGen", "Koretech.Kraken.KamlBoGen\Koretech.Kraken.KamlBoGen.csproj", "{D838CFF5-5B2B-4C28-B672-45252779BD2F}"
EndProject
Project("{9A19103F-16F7-4668-BE54-9A1E7A4F7556}") = "Koretech.Kraken.Data.Test", "Koretech.Kraken.Data.Test\Koretech.Kraken.Data.Test.csproj", "{004280AE-9892-4501-A451-9793D0F39BCD}"
EndProject
Project("{9A19103F-16F7-4668-BE54-9A1E7A4F7556}") = "Koretech.Kraken.Data.Test.Console", "Koretech.Kraken.Data.Test.Console\Koretech.Kraken.Data.Test.Console.csproj", "{39CC84B9-94FB-4F37-A1BE-8D50F0E7C605}"
EndProject
Global
	GlobalSection(SolutionConfigurationPlatforms) = preSolution
		Debug|Any CPU = Debug|Any CPU
		Release|Any CPU = Release|Any CPU
	EndGlobalSection
	GlobalSection(ProjectConfigurationPlatforms) = postSolution
		{F472867C-B7F9-43DA-8061-39EB01979FEA}.Debug|Any CPU.ActiveCfg = Debug|Any CPU
		{F472867C-B7F9-43DA-8061-39EB01979FEA}.Debug|Any CPU.Build.0 = Debug|Any CPU
		{F472867C-B7F9-43DA-8061-39EB01979FEA}.Release|Any CPU.ActiveCfg = Release|Any CPU
		{F472867C-B7F9-43DA-8061-39EB01979FEA}.Release|Any CPU.Build.0 = Release|Any CPU
		{353651BA-3E81-4B59-93AF-B7156B23233E}.Debug|Any CPU.ActiveCfg = Debug|Any CPU
		{353651BA-3E81-4B59-93AF-B7156B23233E}.Debug|Any CPU.Build.0 = Debug|Any CPU
		{353651BA-3E81-4B59-93AF-B7156B23233E}.Release|Any CPU.ActiveCfg = Release|Any CPU
		{353651BA-3E81-4B59-93AF-B7156B23233E}.Release|Any CPU.Build.0 = Release|Any CPU
		{D838CFF5-5B2B-4C28-B672-45252779BD2F}.Debug|Any CPU.ActiveCfg = Debug|Any CPU
		{D838CFF5-5B2B-4C28-B672-45252779BD2F}.Debug|Any CPU.Build.0 = Debug|Any CPU
		{D838CFF5-5B2B-4C28-B672-45252779BD2F}.Release|Any CPU.ActiveCfg = Release|Any CPU
		{D838CFF5-5B2B-4C28-B672-45252779BD2F}.Release|Any CPU.Build.0 = Release|Any CPU
		{004280AE-9892-4501-A451-9793D0F39BCD}.Debug|Any CPU.ActiveCfg = Debug|Any CPU
		{004280AE-9892-4501-A451-9793D0F39BCD}.Debug|Any CPU.Build.0 = Debug|Any CPU
		{004280AE-9892-4501-A451-9793D0F39BCD}.Release|Any CPU.ActiveCfg = Release|Any CPU
		{004280AE-9892-4501-A451-9793D0F39BCD}.Release|Any CPU.Build.0 = Release|Any CPU
		{39CC84B9-94FB-4F37-A1BE-8D50F0E7C605}.Debug|Any CPU.ActiveCfg = Debug|Any CPU
		{39CC84B9-94FB-4F37-A1BE-8D50F0E7C605}.Debug|Any CPU.Build.0 = Debug|Any CPU
		{39CC84B9-94FB-4F37-A1BE-8D50F0E7C605}.Release|Any CPU.ActiveCfg = Release|Any CPU
		{39CC84B9-94FB-4F37-A1BE-8D50F0E7C605}.Release|Any CPU.Build.0 = Release|Any CPU
	EndGlobalSection
	GlobalSection(SolutionProperties) = preSolution
		HideSolutionNode = FALSE
	EndGlobalSection
	GlobalSection(ExtensibilityGlobals) = postSolution
		SolutionGuid = {B5A567B7-D3D0-46AB-9254-CE0195079880}
	EndGlobalSection
EndGlobal
